
Microsoft Visual Studio Solution File, Format Version 12.00
# Visual Studio 14
VisualStudioVersion = 14.0.24720.0
MinimumVisualStudioVersion = 10.0.40219.1
Project("{FAE04EC0-301F-11D3-BF4B-00C04F79EFBC}") = "KLineDbStore_Load", "KLineDbStore_Load\KLineDbStore_Load.csproj", "{FD117C54-CBB6-4511-B931-691D20549E36}"
EndProject
Global
	GlobalSection(SolutionConfigurationPlatforms) = preSolution
		Debug|Any CPU = Debug|Any CPU
		Release|Any CPU = Release|Any CPU
	EndGlobalSection
	GlobalSection(ProjectConfigurationPlatforms) = postSolution
		{FD117C54-CBB6-4511-B931-691D20549E36}.Debug|Any CPU.ActiveCfg = Debug|Any CPU
		{FD117C54-CBB6-4511-B931-691D20549E36}.Debug|Any CPU.Build.0 = Debug|Any CPU
		{FD117C54-CBB6-4511-B931-691D20549E36}.Release|Any CPU.ActiveCfg = Release|Any CPU
		{FD117C54-CBB6-4511-B931-691D20549E36}.Release|Any CPU.Build.0 = Release|Any CPU
	EndGlobalSection
	GlobalSection(SolutionProperties) = preSolution
		HideSolutionNode = FALSE
	EndGlobalSection
EndGlobal
